
Microsoft Visual Studio Solution File, Format Version 12.00
# Visual Studio Version 16
VisualStudioVersion = 16.0.30002.166
MinimumVisualStudioVersion = 10.0.40219.1
Project("{9A19103F-16F7-4668-BE54-9A1E7A4F7556}") = "AdminLTE.StarterKit", "AdminLTE.StarterKit\AdminLTE.StarterKit.csproj", "{BED6019C-1607-4656-A34B-3DD85E5D94BA}"
EndProject
Global
	GlobalSection(SolutionConfigurationPlatforms) = preSolution
		Debug|Any CPU = Debug|Any CPU
		Release|Any CPU = Release|Any CPU
	EndGlobalSection
	GlobalSection(ProjectConfigurationPlatforms) = postSolution
		{BED6019C-1607-4656-A34B-3DD85E5D94BA}.Debug|Any CPU.ActiveCfg = Debug|Any CPU
		{BED6019C-1607-4656-A34B-3DD85E5D94BA}.Debug|Any CPU.Build.0 = Debug|Any CPU
		{BED6019C-1607-4656-A34B-3DD85E5D94BA}.Release|Any CPU.ActiveCfg = Release|Any CPU
		{BED6019C-1607-4656-A34B-3DD85E5D94BA}.Release|Any CPU.Build.0 = Release|Any CPU
	EndGlobalSection
	GlobalSection(SolutionProperties) = preSolution
		HideSolutionNode = FALSE
	EndGlobalSection
	GlobalSection(ExtensibilityGlobals) = postSolution
		SolutionGuid = {C941B8E3-6B90-48C6-A27F-7B4E699836E8}
	EndGlobalSection
EndGlobal
